
Microsoft Visual Studio Solution File, Format Version 12.00
# Visual Studio 15
VisualStudioVersion = 15.0.27004.2008
MinimumVisualStudioVersion = 10.0.40219.1
Project("{FAE04EC0-301F-11D3-BF4B-00C04F79EFBC}") = "DeliverIT.Data", "DeliverIT\DeliverIT.Data.csproj", "{81A5FA03-CA1A-4C10-B7CA-C68C607BD5DA}"
EndProject
Project("{FAE04EC0-301F-11D3-BF4B-00C04F79EFBC}") = "DeliverIT.Core", "DeliverIT.Core\DeliverIT.Core.csproj", "{8F5E7B0C-3994-40CF-99EC-EE9ABBB940A4}"
EndProject
Project("{FAE04EC0-301F-11D3-BF4B-00C04F79EFBC}") = "DeliverIT.Program", "DeliverIT.Program\DeliverIT.Program.csproj", "{8EF456EE-4A8F-4DD4-8F34-C58748850FDF}"
EndProject
Project("{FAE04EC0-301F-11D3-BF4B-00C04F79EFBC}") = "DeliverIT.Tests", "Tests\DeliverIT.Tests.csproj", "{49914667-D793-41C6-9FE1-2057109C6646}"
EndProject
Project("{FAE04EC0-301F-11D3-BF4B-00C04F79EFBC}") = "DeliverIT.Utilities", "DeliverIT.Menu\DeliverIT.Utilities.csproj", "{B08256B2-9C5E-4292-A6C5-B1A2C306D4CC}"
EndProject
Global
	GlobalSection(SolutionConfigurationPlatforms) = preSolution
		Debug|Any CPU = Debug|Any CPU
		Release|Any CPU = Release|Any CPU
	EndGlobalSection
	GlobalSection(ProjectConfigurationPlatforms) = postSolution
		{81A5FA03-CA1A-4C10-B7CA-C68C607BD5DA}.Debug|Any CPU.ActiveCfg = Debug|Any CPU
		{81A5FA03-CA1A-4C10-B7CA-C68C607BD5DA}.Debug|Any CPU.Build.0 = Debug|Any CPU
		{81A5FA03-CA1A-4C10-B7CA-C68C607BD5DA}.Release|Any CPU.ActiveCfg = Release|Any CPU
		{81A5FA03-CA1A-4C10-B7CA-C68C607BD5DA}.Release|Any CPU.Build.0 = Release|Any CPU
		{8F5E7B0C-3994-40CF-99EC-EE9ABBB940A4}.Debug|Any CPU.ActiveCfg = Debug|Any CPU
		{8F5E7B0C-3994-40CF-99EC-EE9ABBB940A4}.Debug|Any CPU.Build.0 = Debug|Any CPU
		{8F5E7B0C-3994-40CF-99EC-EE9ABBB940A4}.Release|Any CPU.ActiveCfg = Release|Any CPU
		{8F5E7B0C-3994-40CF-99EC-EE9ABBB940A4}.Release|Any CPU.Build.0 = Release|Any CPU
		{8EF456EE-4A8F-4DD4-8F34-C58748850FDF}.Debug|Any CPU.ActiveCfg = Debug|Any CPU
		{8EF456EE-4A8F-4DD4-8F34-C58748850FDF}.Debug|Any CPU.Build.0 = Debug|Any CPU
		{8EF456EE-4A8F-4DD4-8F34-C58748850FDF}.Release|Any CPU.ActiveCfg = Release|Any CPU
		{8EF456EE-4A8F-4DD4-8F34-C58748850FDF}.Release|Any CPU.Build.0 = Release|Any CPU
		{49914667-D793-41C6-9FE1-2057109C6646}.Debug|Any CPU.ActiveCfg = Debug|Any CPU
		{49914667-D793-41C6-9FE1-2057109C6646}.Debug|Any CPU.Build.0 = Debug|Any CPU
		{49914667-D793-41C6-9FE1-2057109C6646}.Release|Any CPU.ActiveCfg = Release|Any CPU
		{49914667-D793-41C6-9FE1-2057109C6646}.Release|Any CPU.Build.0 = Release|Any CPU
		{B08256B2-9C5E-4292-A6C5-B1A2C306D4CC}.Debug|Any CPU.ActiveCfg = Debug|Any CPU
		{B08256B2-9C5E-4292-A6C5-B1A2C306D4CC}.Debug|Any CPU.Build.0 = Debug|Any CPU
		{B08256B2-9C5E-4292-A6C5-B1A2C306D4CC}.Release|Any CPU.ActiveCfg = Release|Any CPU
		{B08256B2-9C5E-4292-A6C5-B1A2C306D4CC}.Release|Any CPU.Build.0 = Release|Any CPU
	EndGlobalSection
	GlobalSection(SolutionProperties) = preSolution
		HideSolutionNode = FALSE
	EndGlobalSection
	GlobalSection(ExtensibilityGlobals) = postSolution
		SolutionGuid = {1CA6D775-A7DB-4C2F-89A3-F68165431ED5}
	EndGlobalSection
EndGlobal
